
Microsoft Visual Studio Solution File, Format Version 12.00
# Visual Studio 15
VisualStudioVersion = 15.0.28307.1321
MinimumVisualStudioVersion = 10.0.40219.1
Project("{FAE04EC0-301F-11D3-BF4B-00C04F79EFBC}") = "FrogRender", "FrogRender\FrogRender.csproj", "{52B021E5-09D0-485F-A3BB-AF7158A9B197}"
EndProject
Global
	GlobalSection(SolutionConfigurationPlatforms) = preSolution
		Debug|Any CPU = Debug|Any CPU
		Release|Any CPU = Release|Any CPU
	EndGlobalSection
	GlobalSection(ProjectConfigurationPlatforms) = postSolution
		{52B021E5-09D0-485F-A3BB-AF7158A9B197}.Debug|Any CPU.ActiveCfg = Debug|Any CPU
		{52B021E5-09D0-485F-A3BB-AF7158A9B197}.Debug|Any CPU.Build.0 = Debug|Any CPU
		{52B021E5-09D0-485F-A3BB-AF7158A9B197}.Release|Any CPU.ActiveCfg = Release|Any CPU
		{52B021E5-09D0-485F-A3BB-AF7158A9B197}.Release|Any CPU.Build.0 = Release|Any CPU
	EndGlobalSection
	GlobalSection(SolutionProperties) = preSolution
		HideSolutionNode = FALSE
	EndGlobalSection
	GlobalSection(ExtensibilityGlobals) = postSolution
		SolutionGuid = {5C7C73F0-B645-492D-BB49-467B6EBB1C54}
	EndGlobalSection
EndGlobal
